
Microsoft Visual Studio Solution File, Format Version 12.00
# Visual Studio Version 16
VisualStudioVersion = 16.0.29519.87
MinimumVisualStudioVersion = 10.0.40219.1
Project("{9A19103F-16F7-4668-BE54-9A1E7A4F7556}") = "FoxSoftware.ConditionTree.Sql", "FoxSoftware.ConditionTree.Sql\FoxSoftware.ConditionTree.Sql.csproj", "{2FC97920-2463-45AA-B394-7BC8A8CAFF42}"
EndProject
Project("{9A19103F-16F7-4668-BE54-9A1E7A4F7556}") = "FoxSoftware.ConditionTree", "FoxSoftware.ConditionTree\FoxSoftware.ConditionTree.csproj", "{86360608-B072-402C-9EBC-669100938CDF}"
EndProject
Project("{9A19103F-16F7-4668-BE54-9A1E7A4F7556}") = "FoxSoftware.ConditionTree.ExpressionTree", "FoxSoftware.ConditionTree.ExpressionTree\FoxSoftware.ConditionTree.ExpressionTree.csproj", "{9E0BD1C3-147D-47AB-A649-77098C30DDC5}"
EndProject
Project("{FAE04EC0-301F-11D3-BF4B-00C04F79EFBC}") = "FoxSoftware.ConditionTree.Tests", "FoxSoftware.ConditionTree.Tests\FoxSoftware.ConditionTree.Tests.csproj", "{9E0970E1-4786-42FF-8C48-E5580D3A44C4}"
EndProject
Global
	GlobalSection(SolutionConfigurationPlatforms) = preSolution
		Debug|Any CPU = Debug|Any CPU
		Release|Any CPU = Release|Any CPU
	EndGlobalSection
	GlobalSection(ProjectConfigurationPlatforms) = postSolution
		{2FC97920-2463-45AA-B394-7BC8A8CAFF42}.Debug|Any CPU.ActiveCfg = Debug|Any CPU
		{2FC97920-2463-45AA-B394-7BC8A8CAFF42}.Debug|Any CPU.Build.0 = Debug|Any CPU
		{2FC97920-2463-45AA-B394-7BC8A8CAFF42}.Release|Any CPU.ActiveCfg = Release|Any CPU
		{2FC97920-2463-45AA-B394-7BC8A8CAFF42}.Release|Any CPU.Build.0 = Release|Any CPU
		{86360608-B072-402C-9EBC-669100938CDF}.Debug|Any CPU.ActiveCfg = Debug|Any CPU
		{86360608-B072-402C-9EBC-669100938CDF}.Debug|Any CPU.Build.0 = Debug|Any CPU
		{86360608-B072-402C-9EBC-669100938CDF}.Release|Any CPU.ActiveCfg = Release|Any CPU
		{86360608-B072-402C-9EBC-669100938CDF}.Release|Any CPU.Build.0 = Release|Any CPU
		{9E0BD1C3-147D-47AB-A649-77098C30DDC5}.Debug|Any CPU.ActiveCfg = Debug|Any CPU
		{9E0BD1C3-147D-47AB-A649-77098C30DDC5}.Debug|Any CPU.Build.0 = Debug|Any CPU
		{9E0BD1C3-147D-47AB-A649-77098C30DDC5}.Release|Any CPU.ActiveCfg = Release|Any CPU
		{9E0BD1C3-147D-47AB-A649-77098C30DDC5}.Release|Any CPU.Build.0 = Release|Any CPU
		{9E0970E1-4786-42FF-8C48-E5580D3A44C4}.Debug|Any CPU.ActiveCfg = Debug|Any CPU
		{9E0970E1-4786-42FF-8C48-E5580D3A44C4}.Debug|Any CPU.Build.0 = Debug|Any CPU
		{9E0970E1-4786-42FF-8C48-E5580D3A44C4}.Release|Any CPU.ActiveCfg = Release|Any CPU
		{9E0970E1-4786-42FF-8C48-E5580D3A44C4}.Release|Any CPU.Build.0 = Release|Any CPU
	EndGlobalSection
	GlobalSection(SolutionProperties) = preSolution
		HideSolutionNode = FALSE
	EndGlobalSection
	GlobalSection(ExtensibilityGlobals) = postSolution
		SolutionGuid = {29FFD2AD-F332-4A92-BF88-3314F470B164}
	EndGlobalSection
EndGlobal
